<Solution>
  <Folder Name="/src/">
    <Project Path="src/CodoMetis.TypeKit/CodoMetis.TypeKit.csproj" />
    <Project Path="src/CodoMetis.TypeKit.Analyzers/CodoMetis.TypeKit.Analyzers.csproj" />
    <Project Path="src/CodoMetis.TypeKit.Generators/CodoMetis.TypeKit.Generators.csproj" />
    <Project Path="src/CodoMetis.TypeKit.EntityFrameworkCore/CodoMetis.TypeKit.EntityFrameworkCore.csproj" />
    <Project Path="src/CodoMetis.TypeKit.AspNetCore/CodoMetis.TypeKit.AspNetCore.csproj" />
  </Folder>
  <Folder Name="/test/">
    <Project Path="test/CodoMetis.TypeKit.Analyzers.Tests/CodoMetis.TypeKit.Analyzers.Tests.csproj" />
    <Project Path="test/CodoMetis.TypeKit.AspNetCore.Tests/CodoMetis.TypeKit.AspNetCore.Tests.csproj" />
    <Project Path="test/CodoMetis.TypeKit.Conventions.Tests/CodoMetis.TypeKit.Conventions.Tests.csproj" />
    <Project Path="test/CodoMetis.TypeKit.EntityFrameworkCore.Tests/CodoMetis.TypeKit.EntityFrameworkCore.Tests.csproj" />
    <Project Path="test/CodoMetis.TypeKit.Generators.Probes/CodoMetis.TypeKit.Generators.Probes.csproj" />
    <Project Path="test/CodoMetis.TypeKit.Generators.Tests/CodoMetis.TypeKit.Generators.Tests.csproj" />
    <Project Path="test/CodoMetis.TypeKit.Samples/CodoMetis.TypeKit.Samples.csproj" />
    <Project Path="test/CodoMetis.TypeKit.Tests/CodoMetis.TypeKit.Tests.csproj" />
  </Folder>
  <Folder Name="/benchmarks/">
    <Project Path="benchmarks/CodoMetis.TypeKit.Benchmarks/CodoMetis.TypeKit.Benchmarks.csproj" />
  </Folder>
  <Folder Name="/Solution Items/">
    <File Path="Directory.Build.props" />
    <File Path="Directory.Packages.props" />
    <File Path="global.json" />
  </Folder>
</Solution>
